// !$*UTF8*$!
{
	archiveVersion = 1;
	classes = {
	};
	objectVersion = 46;
	objects = {

/* Begin PBXBuildFile section */
		E91DF61F200603D80099939B /* ACBTokenField.framework in Frameworks */ = {isa = PBXBuildFile; fileRef = E91DF616200603D70099939B /* ACBTokenField.framework */; };
		E91DF626200603D80099939B /* ACBTokenFieldFrameworkTests.swift in Sources */ = {isa = PBXBuildFile; fileRef = E91DF625200603D80099939B /* ACBTokenFieldFrameworkTests.swift */; };
		E91DF628200603D80099939B /* ACBTokenFieldFramework.h in Headers */ = {isa = PBXBuildFile; fileRef = E91DF618200603D70099939B /* ACBTokenFieldFramework.h */; settings = {ATTRIBUTES = (Public, ); }; };
		E91DF62B200603D80099939B /* ACBTokenField.framework in Frameworks */ = {isa = PBXBuildFile; fileRef = E91DF616200603D70099939B /* ACBTokenField.framework */; };
		E91DF62C200603D80099939B /* ACBTokenField.framework in Embed Frameworks */ = {isa = PBXBuildFile; fileRef = E91DF616200603D70099939B /* ACBTokenField.framework */; settings = {ATTRIBUTES = (CodeSignOnCopy, RemoveHeadersOnCopy, ); }; };
		E91DF6382006043B0099939B /* Assets.xcassets in Resources */ = {isa = PBXBuildFile; fileRef = E9C94E811F326E7600CC8573 /* Assets.xcassets */; };
		E91DF64020060C6A0099939B /* ACBToken.swift in Sources */ = {isa = PBXBuildFile; fileRef = E91DF63B20060C6A0099939B /* ACBToken.swift */; };
		E91DF64120060C6A0099939B /* ACBToken.swift in Sources */ = {isa = PBXBuildFile; fileRef = E91DF63B20060C6A0099939B /* ACBToken.swift */; };
		E91DF64220060C6A0099939B /* NSTokenField+ACBExtension.swift in Sources */ = {isa = PBXBuildFile; fileRef = E91DF63D20060C6A0099939B /* NSTokenField+ACBExtension.swift */; };
		E91DF64320060C6A0099939B /* NSTokenField+ACBExtension.swift in Sources */ = {isa = PBXBuildFile; fileRef = E91DF63D20060C6A0099939B /* NSTokenField+ACBExtension.swift */; };
		E91DF64420060C6A0099939B /* ACBAssociation.swift in Sources */ = {isa = PBXBuildFile; fileRef = E91DF63F20060C6A0099939B /* ACBAssociation.swift */; };
		E91DF64520060C6A0099939B /* ACBAssociation.swift in Sources */ = {isa = PBXBuildFile; fileRef = E91DF63F20060C6A0099939B /* ACBAssociation.swift */; };
		E9C94E821F326E7600CC8573 /* Assets.xcassets in Resources */ = {isa = PBXBuildFile; fileRef = E9C94E811F326E7600CC8573 /* Assets.xcassets */; };
		E9F93A061F2ED2020004AC10 /* ViewController.swift in Sources */ = {isa = PBXBuildFile; fileRef = E9F93A021F2ED2020004AC10 /* ViewController.swift */; };
		E9F93A071F2ED2020004AC10 /* AppDelegate.swift in Sources */ = {isa = PBXBuildFile; fileRef = E9F93A051F2ED2020004AC10 /* AppDelegate.swift */; };
		E9F93A0E1F2ED34F0004AC10 /* Main.storyboard in Resources */ = {isa = PBXBuildFile; fileRef = E9F93A0A1F2ED34F0004AC10 /* Main.storyboard */; };
/* End PBXBuildFile section */

/* Begin PBXContainerItemProxy section */
		E91DF620200603D80099939B /* PBXContainerItemProxy */ = {
			isa = PBXContainerItemProxy;
			containerPortal = E9F939E61F2EB1AF0004AC10 /* Project object */;
			proxyType = 1;
			remoteGlobalIDString = E91DF615200603D70099939B;
			remoteInfo = ACBTokenFieldFramework;
		};
		E91DF622200603D80099939B /* PBXContainerItemProxy */ = {
			isa = PBXContainerItemProxy;
			containerPortal = E9F939E61F2EB1AF0004AC10 /* Project object */;
			proxyType = 1;
			remoteGlobalIDString = E9F939ED1F2EB1AF0004AC10;
			remoteInfo = ACBTokenField;
		};
		E91DF629200603D80099939B /* PBXContainerItemProxy */ = {
			isa = PBXContainerItemProxy;
			containerPortal = E9F939E61F2EB1AF0004AC10 /* Project object */;
			proxyType = 1;
			remoteGlobalIDString = E91DF615200603D70099939B;
			remoteInfo = ACBTokenFieldFramework;
		};
/* End PBXContainerItemProxy section */

/* Begin PBXCopyFilesBuildPhase section */
		E91DF632200603D80099939B /* Embed Frameworks */ = {
			isa = PBXCopyFilesBuildPhase;
			buildActionMask = 2147483647;
			dstPath = "";
			dstSubfolderSpec = 10;
			files = (
				E91DF62C200603D80099939B /* ACBTokenField.framework in Embed Frameworks */,
			);
			name = "Embed Frameworks";
			runOnlyForDeploymentPostprocessing = 0;
		};
/* End PBXCopyFilesBuildPhase section */

/* Begin PBXFileReference section */
		E91DF616200603D70099939B /* ACBTokenField.framework */ = {isa = PBXFileReference; explicitFileType = wrapper.framework; includeInIndex = 0; path = ACBTokenField.framework; sourceTree = BUILT_PRODUCTS_DIR; };
		E91DF618200603D70099939B /* ACBTokenFieldFramework.h */ = {isa = PBXFileReference; lastKnownFileType = sourcecode.c.h; path = ACBTokenFieldFramework.h; sourceTree = "<group>"; };
		E91DF619200603D70099939B /* Info.plist */ = {isa = PBXFileReference; lastKnownFileType = text.plist.xml; path = Info.plist; sourceTree = "<group>"; };
		E91DF61E200603D80099939B /* ACBTokenFieldFrameworkTests.xctest */ = {isa = PBXFileReference; explicitFileType = wrapper.cfbundle; includeInIndex = 0; path = ACBTokenFieldFrameworkTests.xctest; sourceTree = BUILT_PRODUCTS_DIR; };
		E91DF625200603D80099939B /* ACBTokenFieldFrameworkTests.swift */ = {isa = PBXFileReference; lastKnownFileType = sourcecode.swift; path = ACBTokenFieldFrameworkTests.swift; sourceTree = "<group>"; };
		E91DF627200603D80099939B /* Info.plist */ = {isa = PBXFileReference; lastKnownFileType = text.plist.xml; path = Info.plist; sourceTree = "<group>"; };
		E91DF63B20060C6A0099939B /* ACBToken.swift */ = {isa = PBXFileReference; fileEncoding = 4; lastKnownFileType = sourcecode.swift; path = ACBToken.swift; sourceTree = "<group>"; };
		E91DF63D20060C6A0099939B /* NSTokenField+ACBExtension.swift */ = {isa = PBXFileReference; fileEncoding = 4; lastKnownFileType = sourcecode.swift; path = "NSTokenField+ACBExtension.swift"; sourceTree = "<group>"; };
		E91DF63F20060C6A0099939B /* ACBAssociation.swift */ = {isa = PBXFileReference; fileEncoding = 4; lastKnownFileType = sourcecode.swift; path = ACBAssociation.swift; sourceTree = "<group>"; };
		E9C94E811F326E7600CC8573 /* Assets.xcassets */ = {isa = PBXFileReference; lastKnownFileType = folder.assetcatalog; path = Assets.xcassets; sourceTree = "<group>"; };
		E9F939EE1F2EB1AF0004AC10 /* ACBTokenField.app */ = {isa = PBXFileReference; explicitFileType = wrapper.application; includeInIndex = 0; path = ACBTokenField.app; sourceTree = BUILT_PRODUCTS_DIR; };
		E9F93A021F2ED2020004AC10 /* ViewController.swift */ = {isa = PBXFileReference; fileEncoding = 4; lastKnownFileType = sourcecode.swift; path = ViewController.swift; sourceTree = "<group>"; };
		E9F93A051F2ED2020004AC10 /* AppDelegate.swift */ = {isa = PBXFileReference; fileEncoding = 4; lastKnownFileType = sourcecode.swift; path = AppDelegate.swift; sourceTree = "<group>"; };
		E9F93A0B1F2ED34F0004AC10 /* Base */ = {isa = PBXFileReference; lastKnownFileType = file.storyboard; name = Base; path = Base.lproj/Main.storyboard; sourceTree = "<group>"; };
		E9F93A0C1F2ED34F0004AC10 /* Info.plist */ = {isa = PBXFileReference; fileEncoding = 4; lastKnownFileType = text.plist.xml; path = Info.plist; sourceTree = "<group>"; };
/* End PBXFileReference section */

/* Begin PBXFrameworksBuildPhase section */
		E91DF612200603D70099939B /* Frameworks */ = {
			isa = PBXFrameworksBuildPhase;
			buildActionMask = 2147483647;
			files = (
			);
			runOnlyForDeploymentPostprocessing = 0;
		};
		E91DF61B200603D80099939B /* Frameworks */ = {
			isa = PBXFrameworksBuildPhase;
			buildActionMask = 2147483647;
			files = (
				E91DF61F200603D80099939B /* ACBTokenField.framework in Frameworks */,
			);
			runOnlyForDeploymentPostprocessing = 0;
		};
		E9F939EB1F2EB1AF0004AC10 /* Frameworks */ = {
			isa = PBXFrameworksBuildPhase;
			buildActionMask = 2147483647;
			files = (
				E91DF62B200603D80099939B /* ACBTokenField.framework in Frameworks */,
			);
			runOnlyForDeploymentPostprocessing = 0;
		};
/* End PBXFrameworksBuildPhase section */

/* Begin PBXGroup section */
		E91DF617200603D70099939B /* ACBTokenFieldFramework */ = {
			isa = PBXGroup;
			children = (
				E91DF618200603D70099939B /* ACBTokenFieldFramework.h */,
				E91DF619200603D70099939B /* Info.plist */,
			);
			path = ACBTokenFieldFramework;
			sourceTree = "<group>";
		};
		E91DF624200603D80099939B /* ACBTokenFieldFrameworkTests */ = {
			isa = PBXGroup;
			children = (
				E91DF625200603D80099939B /* ACBTokenFieldFrameworkTests.swift */,
				E91DF627200603D80099939B /* Info.plist */,
			);
			path = ACBTokenFieldFrameworkTests;
			sourceTree = "<group>";
		};
		E91DF63920060C6A0099939B /* Source */ = {
			isa = PBXGroup;
			children = (
				E91DF63A20060C6A0099939B /* Models */,
				E91DF63C20060C6A0099939B /* Extensions */,
				E91DF63E20060C6A0099939B /* Helpers */,
			);
			name = Source;
			path = Classes/Source;
			sourceTree = "<group>";
		};
		E91DF63A20060C6A0099939B /* Models */ = {
			isa = PBXGroup;
			children = (
				E91DF63B20060C6A0099939B /* ACBToken.swift */,
			);
			path = Models;
			sourceTree = "<group>";
		};
		E91DF63C20060C6A0099939B /* Extensions */ = {
			isa = PBXGroup;
			children = (
				E91DF63D20060C6A0099939B /* NSTokenField+ACBExtension.swift */,
			);
			path = Extensions;
			sourceTree = "<group>";
		};
		E91DF63E20060C6A0099939B /* Helpers */ = {
			isa = PBXGroup;
			children = (
				E91DF63F20060C6A0099939B /* ACBAssociation.swift */,
			);
			path = Helpers;
			sourceTree = "<group>";
		};
		E9F939E51F2EB1AF0004AC10 = {
			isa = PBXGroup;
			children = (
				E9F939F01F2EB1AF0004AC10 /* ACBTokenField */,
				E9F93A081F2ED34F0004AC10 /* Resources */,
				E91DF617200603D70099939B /* ACBTokenFieldFramework */,
				E91DF624200603D80099939B /* ACBTokenFieldFrameworkTests */,
				E9F939EF1F2EB1AF0004AC10 /* Products */,
			);
			sourceTree = "<group>";
		};
		E9F939EF1F2EB1AF0004AC10 /* Products */ = {
			isa = PBXGroup;
			children = (
				E9F939EE1F2EB1AF0004AC10 /* ACBTokenField.app */,
				E91DF616200603D70099939B /* ACBTokenField.framework */,
				E91DF61E200603D80099939B /* ACBTokenFieldFrameworkTests.xctest */,
			);
			name = Products;
			sourceTree = "<group>";
		};
		E9F939F01F2EB1AF0004AC10 /* ACBTokenField */ = {
			isa = PBXGroup;
			children = (
				E91DF63920060C6A0099939B /* Source */,
				E9F93A041F2ED2020004AC10 /* General */,
				E9F93A011F2ED2020004AC10 /* ViewControllers */,
			);
			path = ACBTokenField;
			sourceTree = "<group>";
		};
		E9F93A011F2ED2020004AC10 /* ViewControllers */ = {
			isa = PBXGroup;
			children = (
				E9F93A021F2ED2020004AC10 /* ViewController.swift */,
			);
			name = ViewControllers;
			path = Classes/ViewControllers;
			sourceTree = "<group>";
		};
		E9F93A041F2ED2020004AC10 /* General */ = {
			isa = PBXGroup;
			children = (
				E9F93A051F2ED2020004AC10 /* AppDelegate.swift */,
			);
			name = General;
			path = Classes/General;
			sourceTree = "<group>";
		};
		E9F93A081F2ED34F0004AC10 /* Resources */ = {
			isa = PBXGroup;
			children = (
				E9C94E811F326E7600CC8573 /* Assets.xcassets */,
				E9F93A0A1F2ED34F0004AC10 /* Main.storyboard */,
				E9F93A0C1F2ED34F0004AC10 /* Info.plist */,
			);
			name = Resources;
			path = ACBTokenField/Resources;
			sourceTree = "<group>";
		};
/* End PBXGroup section */

/* Begin PBXHeadersBuildPhase section */
		E91DF613200603D70099939B /* Headers */ = {
			isa = PBXHeadersBuildPhase;
			buildActionMask = 2147483647;
			files = (
				E91DF628200603D80099939B /* ACBTokenFieldFramework.h in Headers */,
			);
			runOnlyForDeploymentPostprocessing = 0;
		};
/* End PBXHeadersBuildPhase section */

/* Begin PBXNativeTarget section */
		E91DF615200603D70099939B /* ACBTokenFieldFramework */ = {
			isa = PBXNativeTarget;
			buildConfigurationList = E91DF631200603D80099939B /* Build configuration list for PBXNativeTarget "ACBTokenFieldFramework" */;
			buildPhases = (
				E91DF611200603D70099939B /* Sources */,
				E91DF612200603D70099939B /* Frameworks */,
				E91DF613200603D70099939B /* Headers */,
				E91DF614200603D70099939B /* Resources */,
			);
			buildRules = (
			);
			dependencies = (
			);
			name = ACBTokenFieldFramework;
			productName = ACBTokenFieldFramework;
			productReference = E91DF616200603D70099939B /* ACBTokenField.framework */;
			productType = "com.apple.product-type.framework";
		};
		E91DF61D200603D80099939B /* ACBTokenFieldFrameworkTests */ = {
			isa = PBXNativeTarget;
			buildConfigurationList = E91DF633200603D80099939B /* Build configuration list for PBXNativeTarget "ACBTokenFieldFrameworkTests" */;
			buildPhases = (
				E91DF61A200603D80099939B /* Sources */,
				E91DF61B200603D80099939B /* Frameworks */,
				E91DF61C200603D80099939B /* Resources */,
			);
			buildRules = (
			);
			dependencies = (
				E91DF621200603D80099939B /* PBXTargetDependency */,
				E91DF623200603D80099939B /* PBXTargetDependency */,
			);
			name = ACBTokenFieldFrameworkTests;
			productName = ACBTokenFieldFrameworkTests;
			productReference = E91DF61E200603D80099939B /* ACBTokenFieldFrameworkTests.xctest */;
			productType = "com.apple.product-type.bundle.unit-test";
		};
		E9F939ED1F2EB1AF0004AC10 /* ACBTokenField */ = {
			isa = PBXNativeTarget;
			buildConfigurationList = E9F939FD1F2EB1AF0004AC10 /* Build configuration list for PBXNativeTarget "ACBTokenField" */;
			buildPhases = (
				E9F939EA1F2EB1AF0004AC10 /* Sources */,
				E9F939EB1F2EB1AF0004AC10 /* Frameworks */,
				E9F939EC1F2EB1AF0004AC10 /* Resources */,
				E91DF632200603D80099939B /* Embed Frameworks */,
			);
			buildRules = (
			);
			dependencies = (
				E91DF62A200603D80099939B /* PBXTargetDependency */,
			);
			name = ACBTokenField;
			productName = ACBTokenField;
			productReference = E9F939EE1F2EB1AF0004AC10 /* ACBTokenField.app */;
			productType = "com.apple.product-type.application";
		};
/* End PBXNativeTarget section */

/* Begin PBXProject section */
		E9F939E61F2EB1AF0004AC10 /* Project object */ = {
			isa = PBXProject;
			attributes = {
				LastSwiftUpdateCheck = 0920;
				LastUpgradeCheck = 0920;
				ORGANIZATIONNAME = akhil;
				TargetAttributes = {
					E91DF615200603D70099939B = {
						CreatedOnToolsVersion = 9.2;
						ProvisioningStyle = Automatic;
					};
					E91DF61D200603D80099939B = {
						CreatedOnToolsVersion = 9.2;
						ProvisioningStyle = Automatic;
						TestTargetID = E9F939ED1F2EB1AF0004AC10;
					};
					E9F939ED1F2EB1AF0004AC10 = {
						CreatedOnToolsVersion = 8.3.3;
						ProvisioningStyle = Automatic;
					};
				};
			};
			buildConfigurationList = E9F939E91F2EB1AF0004AC10 /* Build configuration list for PBXProject "ACBTokenField" */;
			compatibilityVersion = "Xcode 3.2";
			developmentRegion = English;
			hasScannedForEncodings = 0;
			knownRegions = (
				en,
				Base,
			);
			mainGroup = E9F939E51F2EB1AF0004AC10;
			productRefGroup = E9F939EF1F2EB1AF0004AC10 /* Products */;
			projectDirPath = "";
			projectRoot = "";
			targets = (
				E9F939ED1F2EB1AF0004AC10 /* ACBTokenField */,
				E91DF615200603D70099939B /* ACBTokenFieldFramework */,
				E91DF61D200603D80099939B /* ACBTokenFieldFrameworkTests */,
			);
		};
/* End PBXProject section */

/* Begin PBXResourcesBuildPhase section */
		E91DF614200603D70099939B /* Resources */ = {
			isa = PBXResourcesBuildPhase;
			buildActionMask = 2147483647;
			files = (
				E91DF6382006043B0099939B /* Assets.xcassets in Resources */,
			);
			runOnlyForDeploymentPostprocessing = 0;
		};
		E91DF61C200603D80099939B /* Resources */ = {
			isa = PBXResourcesBuildPhase;
			buildActionMask = 2147483647;
			files = (
			);
			runOnlyForDeploymentPostprocessing = 0;
		};
		E9F939EC1F2EB1AF0004AC10 /* Resources */ = {
			isa = PBXResourcesBuildPhase;
			buildActionMask = 2147483647;
			files = (
				E9C94E821F326E7600CC8573 /* Assets.xcassets in Resources */,
				E9F93A0E1F2ED34F0004AC10 /* Main.storyboard in Resources */,
			);
			runOnlyForDeploymentPostprocessing = 0;
		};
/* End PBXResourcesBuildPhase section */

/* Begin PBXSourcesBuildPhase section */
		E91DF611200603D70099939B /* Sources */ = {
			isa = PBXSourcesBuildPhase;
			buildActionMask = 2147483647;
			files = (
				E91DF64120060C6A0099939B /* ACBToken.swift in Sources */,
				E91DF64320060C6A0099939B /* NSTokenField+ACBExtension.swift in Sources */,
				E91DF64520060C6A0099939B /* ACBAssociation.swift in Sources */,
			);
			runOnlyForDeploymentPostprocessing = 0;
		};
		E91DF61A200603D80099939B /* Sources */ = {
			isa = PBXSourcesBuildPhase;
			buildActionMask = 2147483647;
			files = (
				E91DF626200603D80099939B /* ACBTokenFieldFrameworkTests.swift in Sources */,
			);
			runOnlyForDeploymentPostprocessing = 0;
		};
		E9F939EA1F2EB1AF0004AC10 /* Sources */ = {
			isa = PBXSourcesBuildPhase;
			buildActionMask = 2147483647;
			files = (
				E9F93A071F2ED2020004AC10 /* AppDelegate.swift in Sources */,
				E91DF64420060C6A0099939B /* ACBAssociation.swift in Sources */,
				E91DF64020060C6A0099939B /* ACBToken.swift in Sources */,
				E9F93A061F2ED2020004AC10 /* ViewController.swift in Sources */,
				E91DF64220060C6A0099939B /* NSTokenField+ACBExtension.swift in Sources */,
			);
			runOnlyForDeploymentPostprocessing = 0;
		};
/* End PBXSourcesBuildPhase section */

/* Begin PBXTargetDependency section */
		E91DF621200603D80099939B /* PBXTargetDependency */ = {
			isa = PBXTargetDependency;
			target = E91DF615200603D70099939B /* ACBTokenFieldFramework */;
			targetProxy = E91DF620200603D80099939B /* PBXContainerItemProxy */;
		};
		E91DF623200603D80099939B /* PBXTargetDependency */ = {
			isa = PBXTargetDependency;
			target = E9F939ED1F2EB1AF0004AC10 /* ACBTokenField */;
			targetProxy = E91DF622200603D80099939B /* PBXContainerItemProxy */;
		};
		E91DF62A200603D80099939B /* PBXTargetDependency */ = {
			isa = PBXTargetDependency;
			target = E91DF615200603D70099939B /* ACBTokenFieldFramework */;
			targetProxy = E91DF629200603D80099939B /* PBXContainerItemProxy */;
		};
/* End PBXTargetDependency section */

/* Begin PBXVariantGroup section */
		E9F93A0A1F2ED34F0004AC10 /* Main.storyboard */ = {
			isa = PBXVariantGroup;
			children = (
				E9F93A0B1F2ED34F0004AC10 /* Base */,
			);
			name = Main.storyboard;
			sourceTree = "<group>";
		};
/* End PBXVariantGroup section */

/* Begin XCBuildConfiguration section */
		E91DF62D200603D80099939B /* Debug */ = {
			isa = XCBuildConfiguration;
			buildSettings = {
				CLANG_CXX_LANGUAGE_STANDARD = "gnu++14";
				CLANG_WARN_BLOCK_CAPTURE_AUTORELEASING = YES;
				CLANG_WARN_COMMA = YES;
				CLANG_WARN_NON_LITERAL_NULL_CONVERSION = YES;
				CLANG_WARN_OBJC_LITERAL_CONVERSION = YES;
				CLANG_WARN_RANGE_LOOP_ANALYSIS = YES;
				CLANG_WARN_STRICT_PROTOTYPES = YES;
				CLANG_WARN_UNGUARDED_AVAILABILITY = YES_AGGRESSIVE;
				CODE_SIGN_IDENTITY = "";
				CODE_SIGN_STYLE = Automatic;
				COMBINE_HIDPI_IMAGES = YES;
				CURRENT_PROJECT_VERSION = 1;
				DEFINES_MODULE = YES;
				DYLIB_COMPATIBILITY_VERSION = 1;
				DYLIB_CURRENT_VERSION = 1;
				DYLIB_INSTALL_NAME_BASE = "@rpath";
				FRAMEWORK_VERSION = A;
				GCC_C_LANGUAGE_STANDARD = gnu11;
				INFOPLIST_FILE = ACBTokenFieldFramework/Info.plist;
				INSTALL_PATH = "$(LOCAL_LIBRARY_DIR)/Frameworks";
				LD_RUNPATH_SEARCH_PATHS = "$(inherited) @executable_path/../Frameworks @loader_path/Frameworks";
				MACOSX_DEPLOYMENT_TARGET = 10.13;
				PRODUCT_BUNDLE_IDENTIFIER = com.akhil.ACBTokenFieldFramework;
				PRODUCT_NAME = ACBTokenField;
				SKIP_INSTALL = YES;
				SWIFT_VERSION = 3.0;
				VERSIONING_SYSTEM = "apple-generic";
				VERSION_INFO_PREFIX = "";
			};
			name = Debug;
		};
		E91DF62E200603D80099939B /* Release */ = {
			isa = XCBuildConfiguration;
			buildSettings = {
				CLANG_CXX_LANGUAGE_STANDARD = "gnu++14";
				CLANG_WARN_BLOCK_CAPTURE_AUTORELEASING = YES;
				CLANG_WARN_COMMA = YES;
				CLANG_WARN_NON_LITERAL_NULL_CONVERSION = YES;
				CLANG_WARN_OBJC_LITERAL_CONVERSION = YES;
				CLANG_WARN_RANGE_LOOP_ANALYSIS = YES;
				CLANG_WARN_STRICT_PROTOTYPES = YES;
				CLANG_WARN_UNGUARDED_AVAILABILITY = YES_AGGRESSIVE;
				CODE_SIGN_IDENTITY = "";
				CODE_SIGN_STYLE = Automatic;
				COMBINE_HIDPI_IMAGES = YES;
				CURRENT_PROJECT_VERSION = 1;
				DEFINES_MODULE = YES;
				DYLIB_COMPATIBILITY_VERSION = 1;
				DYLIB_CURRENT_VERSION = 1;
				DYLIB_INSTALL_NAME_BASE = "@rpath";
				FRAMEWORK_VERSION = A;
				GCC_C_LANGUAGE_STANDARD = gnu11;
				INFOPLIST_FILE = ACBTokenFieldFramework/Info.plist;
				INSTALL_PATH = "$(LOCAL_LIBRARY_DIR)/Frameworks";
				LD_RUNPATH_SEARCH_PATHS = "$(inherited) @executable_path/../Frameworks @loader_path/Frameworks";
				MACOSX_DEPLOYMENT_TARGET = 10.13;
				PRODUCT_BUNDLE_IDENTIFIER = com.akhil.ACBTokenFieldFramework;
				PRODUCT_NAME = ACBTokenField;
				SKIP_INSTALL = YES;
				SWIFT_VERSION = 3.0;
				VERSIONING_SYSTEM = "apple-generic";
				VERSION_INFO_PREFIX = "";
			};
			name = Release;
		};
		E91DF62F200603D80099939B /* Debug */ = {
			isa = XCBuildConfiguration;
			buildSettings = {
				ALWAYS_EMBED_SWIFT_STANDARD_LIBRARIES = YES;
				CLANG_CXX_LANGUAGE_STANDARD = "gnu++14";
				CLANG_WARN_BLOCK_CAPTURE_AUTORELEASING = YES;
				CLANG_WARN_COMMA = YES;
				CLANG_WARN_NON_LITERAL_NULL_CONVERSION = YES;
				CLANG_WARN_OBJC_LITERAL_CONVERSION = YES;
				CLANG_WARN_RANGE_LOOP_ANALYSIS = YES;
				CLANG_WARN_STRICT_PROTOTYPES = YES;
				CLANG_WARN_UNGUARDED_AVAILABILITY = YES_AGGRESSIVE;
				CODE_SIGN_STYLE = Automatic;
				COMBINE_HIDPI_IMAGES = YES;
				GCC_C_LANGUAGE_STANDARD = gnu11;
				INFOPLIST_FILE = ACBTokenFieldFrameworkTests/Info.plist;
				LD_RUNPATH_SEARCH_PATHS = "$(inherited) @executable_path/../Frameworks @loader_path/../Frameworks";
				MACOSX_DEPLOYMENT_TARGET = 10.13;
				PRODUCT_BUNDLE_IDENTIFIER = com.akhil.ACBTokenFieldFrameworkTests;
				PRODUCT_NAME = "$(TARGET_NAME)";
				SWIFT_VERSION = 4.0;
				TEST_HOST = "$(BUILT_PRODUCTS_DIR)/ACBTokenField.app/Contents/MacOS/ACBTokenField";
			};
			name = Debug;
		};
		E91DF630200603D80099939B /* Release */ = {
			isa = XCBuildConfiguration;
			buildSettings = {
				ALWAYS_EMBED_SWIFT_STANDARD_LIBRARIES = YES;
				CLANG_CXX_LANGUAGE_STANDARD = "gnu++14";
				CLANG_WARN_BLOCK_CAPTURE_AUTORELEASING = YES;
				CLANG_WARN_COMMA = YES;
				CLANG_WARN_NON_LITERAL_NULL_CONVERSION = YES;
				CLANG_WARN_OBJC_LITERAL_CONVERSION = YES;
				CLANG_WARN_RANGE_LOOP_ANALYSIS = YES;
				CLANG_WARN_STRICT_PROTOTYPES = YES;
				CLANG_WARN_UNGUARDED_AVAILABILITY = YES_AGGRESSIVE;
				CODE_SIGN_STYLE = Automatic;
				COMBINE_HIDPI_IMAGES = YES;
				GCC_C_LANGUAGE_STANDARD = gnu11;
				INFOPLIST_FILE = ACBTokenFieldFrameworkTests/Info.plist;
				LD_RUNPATH_SEARCH_PATHS = "$(inherited) @executable_path/../Frameworks @loader_path/../Frameworks";
				MACOSX_DEPLOYMENT_TARGET = 10.13;
				PRODUCT_BUNDLE_IDENTIFIER = com.akhil.ACBTokenFieldFrameworkTests;
				PRODUCT_NAME = "$(TARGET_NAME)";
				SWIFT_VERSION = 4.0;
				TEST_HOST = "$(BUILT_PRODUCTS_DIR)/ACBTokenField.app/Contents/MacOS/ACBTokenField";
			};
			name = Release;
		};
		E9F939FB1F2EB1AF0004AC10 /* Debug */ = {
			isa = XCBuildConfiguration;
			buildSettings = {
				ALWAYS_SEARCH_USER_PATHS = NO;
				CLANG_ANALYZER_NONNULL = YES;
				CLANG_ANALYZER_NUMBER_OBJECT_CONVERSION = YES_AGGRESSIVE;
				CLANG_CXX_LANGUAGE_STANDARD = "gnu++0x";
				CLANG_CXX_LIBRARY = "libc++";
				CLANG_ENABLE_MODULES = YES;
				CLANG_ENABLE_OBJC_ARC = YES;
				CLANG_WARN_BLOCK_CAPTURE_AUTORELEASING = YES;
				CLANG_WARN_BOOL_CONVERSION = YES;
				CLANG_WARN_COMMA = YES;
				CLANG_WARN_CONSTANT_CONVERSION = YES;
				CLANG_WARN_DIRECT_OBJC_ISA_USAGE = YES_ERROR;
				CLANG_WARN_DOCUMENTATION_COMMENTS = YES;
				CLANG_WARN_EMPTY_BODY = YES;
				CLANG_WARN_ENUM_CONVERSION = YES;
				CLANG_WARN_INFINITE_RECURSION = YES;
				CLANG_WARN_INT_CONVERSION = YES;
				CLANG_WARN_NON_LITERAL_NULL_CONVERSION = YES;
				CLANG_WARN_OBJC_LITERAL_CONVERSION = YES;
				CLANG_WARN_OBJC_ROOT_CLASS = YES_ERROR;
				CLANG_WARN_RANGE_LOOP_ANALYSIS = YES;
				CLANG_WARN_STRICT_PROTOTYPES = YES;
				CLANG_WARN_SUSPICIOUS_MOVE = YES;
				CLANG_WARN_UNREACHABLE_CODE = YES;
				CLANG_WARN__DUPLICATE_METHOD_MATCH = YES;
				CODE_SIGN_IDENTITY = "-";
				COPY_PHASE_STRIP = NO;
				DEBUG_INFORMATION_FORMAT = dwarf;
				ENABLE_STRICT_OBJC_MSGSEND = YES;
				ENABLE_TESTABILITY = YES;
				GCC_C_LANGUAGE_STANDARD = gnu99;
				GCC_DYNAMIC_NO_PIC = NO;
				GCC_NO_COMMON_BLOCKS = YES;
				GCC_OPTIMIZATION_LEVEL = 0;
				GCC_PREPROCESSOR_DEFINITIONS = (
					"DEBUG=1",
					"$(inherited)",
				);
				GCC_WARN_64_TO_32_BIT_CONVERSION = YES;
				GCC_WARN_ABOUT_RETURN_TYPE = YES_ERROR;
				GCC_WARN_UNDECLARED_SELECTOR = YES;
				GCC_WARN_UNINITIALIZED_AUTOS = YES_AGGRESSIVE;
				GCC_WARN_UNUSED_FUNCTION = YES;
				GCC_WARN_UNUSED_VARIABLE = YES;
				MACOSX_DEPLOYMENT_TARGET = 10.12;
				MTL_ENABLE_DEBUG_INFO = YES;
				ONLY_ACTIVE_ARCH = YES;
				SDKROOT = macosx;
				SWIFT_ACTIVE_COMPILATION_CONDITIONS = DEBUG;
				SWIFT_OPTIMIZATION_LEVEL = "-Onone";
			};
			name = Debug;
		};
		E9F939FC1F2EB1AF0004AC10 /* Release */ = {
			isa = XCBuildConfiguration;
			buildSettings = {
				ALWAYS_SEARCH_USER_PATHS = NO;
				CLANG_ANALYZER_NONNULL = YES;
				CLANG_ANALYZER_NUMBER_OBJECT_CONVERSION = YES_AGGRESSIVE;
				CLANG_CXX_LANGUAGE_STANDARD = "gnu++0x";
				CLANG_CXX_LIBRARY = "libc++";
				CLANG_ENABLE_MODULES = YES;
				CLANG_ENABLE_OBJC_ARC = YES;
				CLANG_WARN_BLOCK_CAPTURE_AUTORELEASING = YES;
				CLANG_WARN_BOOL_CONVERSION = YES;
				CLANG_WARN_COMMA = YES;
				CLANG_WARN_CONSTANT_CONVERSION = YES;
				CLANG_WARN_DIRECT_OBJC_ISA_USAGE = YES_ERROR;
				CLANG_WARN_DOCUMENTATION_COMMENTS = YES;
				CLANG_WARN_EMPTY_BODY = YES;
				CLANG_WARN_ENUM_CONVERSION = YES;
				CLANG_WARN_INFINITE_RECURSION = YES;
				CLANG_WARN_INT_CONVERSION = YES;
				CLANG_WARN_NON_LITERAL_NULL_CONVERSION = YES;
				CLANG_WARN_OBJC_LITERAL_CONVERSION = YES;
				CLANG_WARN_OBJC_ROOT_CLASS = YES_ERROR;
				CLANG_WARN_RANGE_LOOP_ANALYSIS = YES;
				CLANG_WARN_STRICT_PROTOTYPES = YES;
				CLANG_WARN_SUSPICIOUS_MOVE = YES;
				CLANG_WARN_UNREACHABLE_CODE = YES;
				CLANG_WARN__DUPLICATE_METHOD_MATCH = YES;
				CODE_SIGN_IDENTITY = "-";
				COPY_PHASE_STRIP = NO;
				DEBUG_INFORMATION_FORMAT = "dwarf-with-dsym";
				ENABLE_NS_ASSERTIONS = NO;
				ENABLE_STRICT_OBJC_MSGSEND = YES;
				GCC_C_LANGUAGE_STANDARD = gnu99;
				GCC_NO_COMMON_BLOCKS = YES;
				GCC_WARN_64_TO_32_BIT_CONVERSION = YES;
				GCC_WARN_ABOUT_RETURN_TYPE = YES_ERROR;
				GCC_WARN_UNDECLARED_SELECTOR = YES;
				GCC_WARN_UNINITIALIZED_AUTOS = YES_AGGRESSIVE;
				GCC_WARN_UNUSED_FUNCTION = YES;
				GCC_WARN_UNUSED_VARIABLE = YES;
				MACOSX_DEPLOYMENT_TARGET = 10.12;
				MTL_ENABLE_DEBUG_INFO = NO;
				SDKROOT = macosx;
				SWIFT_OPTIMIZATION_LEVEL = "-Owholemodule";
			};
			name = Release;
		};
		E9F939FE1F2EB1AF0004AC10 /* Debug */ = {
			isa = XCBuildConfiguration;
			buildSettings = {
				ALWAYS_EMBED_SWIFT_STANDARD_LIBRARIES = YES;
				ASSETCATALOG_COMPILER_APPICON_NAME = AppIcon;
				COMBINE_HIDPI_IMAGES = YES;
				INFOPLIST_FILE = "$(SRCROOT)/ACBTokenField/Resources/Info.plist";
				LD_RUNPATH_SEARCH_PATHS = "$(inherited) @executable_path/../Frameworks";
				PRODUCT_BUNDLE_IDENTIFIER = com.akhil.ACBTokenField;
				PRODUCT_NAME = "$(TARGET_NAME)";
				SWIFT_VERSION = 3.0;
			};
			name = Debug;
		};
		E9F939FF1F2EB1AF0004AC10 /* Release */ = {
			isa = XCBuildConfiguration;
			buildSettings = {
				ALWAYS_EMBED_SWIFT_STANDARD_LIBRARIES = YES;
				ASSETCATALOG_COMPILER_APPICON_NAME = AppIcon;
				COMBINE_HIDPI_IMAGES = YES;
				INFOPLIST_FILE = "$(SRCROOT)/ACBTokenField/Resources/Info.plist";
				LD_RUNPATH_SEARCH_PATHS = "$(inherited) @executable_path/../Frameworks";
				PRODUCT_BUNDLE_IDENTIFIER = com.akhil.ACBTokenField;
				PRODUCT_NAME = "$(TARGET_NAME)";
				SWIFT_VERSION = 3.0;
			};
			name = Release;
		};
/* End XCBuildConfiguration section */

/* Begin XCConfigurationList section */
		E91DF631200603D80099939B /* Build configuration list for PBXNativeTarget "ACBTokenFieldFramework" */ = {
			isa = XCConfigurationList;
			buildConfigurations = (
				E91DF62D200603D80099939B /* Debug */,
				E91DF62E200603D80099939B /* Release */,
			);
			defaultConfigurationIsVisible = 0;
			defaultConfigurationName = Release;
		};
		E91DF633200603D80099939B /* Build configuration list for PBXNativeTarget "ACBTokenFieldFrameworkTests" */ = {
			isa = XCConfigurationList;
			buildConfigurations = (
				E91DF62F200603D80099939B /* Debug */,
				E91DF630200603D80099939B /* Release */,
			);
			defaultConfigurationIsVisible = 0;
			defaultConfigurationName = Release;
		};
		E9F939E91F2EB1AF0004AC10 /* Build configuration list for PBXProject "ACBTokenField" */ = {
			isa = XCConfigurationList;
			buildConfigurations = (
				E9F939FB1F2EB1AF0004AC10 /* Debug */,
				E9F939FC1F2EB1AF0004AC10 /* Release */,
			);
			defaultConfigurationIsVisible = 0;
			defaultConfigurationName = Release;
		};
		E9F939FD1F2EB1AF0004AC10 /* Build configuration list for PBXNativeTarget "ACBTokenField" */ = {
			isa = XCConfigurationList;
			buildConfigurations = (
				E9F939FE1F2EB1AF0004AC10 /* Debug */,
				E9F939FF1F2EB1AF0004AC10 /* Release */,
			);
			defaultConfigurationIsVisible = 0;
			defaultConfigurationName = Release;
		};
/* End XCConfigurationList section */
	};
	rootObject = E9F939E61F2EB1AF0004AC10 /* Project object */;
}
